
Microsoft Visual Studio Solution File, Format Version 12.00
# Visual Studio Version 16
VisualStudioVersion = 16.0.32228.343
MinimumVisualStudioVersion = 10.0.40219.1
Project("{FAE04EC0-301F-11D3-BF4B-00C04F79EFBC}") = "TrabajoLinq", "TrabajoLinq\TrabajoLinq.csproj", "{9834F02E-A0F5-4C93-978B-3C131E3FF340}"
EndProject
Global
	GlobalSection(SolutionConfigurationPlatforms) = preSolution
		Debug|Any CPU = Debug|Any CPU
		Release|Any CPU = Release|Any CPU
	EndGlobalSection
	GlobalSection(ProjectConfigurationPlatforms) = postSolution
		{9834F02E-A0F5-4C93-978B-3C131E3FF340}.Debug|Any CPU.ActiveCfg = Debug|Any CPU
		{9834F02E-A0F5-4C93-978B-3C131E3FF340}.Debug|Any CPU.Build.0 = Debug|Any CPU
		{9834F02E-A0F5-4C93-978B-3C131E3FF340}.Release|Any CPU.ActiveCfg = Release|Any CPU
		{9834F02E-A0F5-4C93-978B-3C131E3FF340}.Release|Any CPU.Build.0 = Release|Any CPU
	EndGlobalSection
	GlobalSection(SolutionProperties) = preSolution
		HideSolutionNode = FALSE
	EndGlobalSection
	GlobalSection(ExtensibilityGlobals) = postSolution
		SolutionGuid = {FA39A5D4-4488-47DD-8023-8A269410A90C}
	EndGlobalSection
EndGlobal
